
Microsoft Visual Studio Solution File, Format Version 12.00
# Visual Studio Version 17
VisualStudioVersion = 17.12.35527.113
MinimumVisualStudioVersion = 10.0.40219.1
Project("{2150E333-8FDC-42A3-9474-1A3956D46DE8}") = "Behavioral", "Behavioral", "{B2C23A0B-C8AC-4919-9299-3E555DBE6857}"
EndProject
Project("{2150E333-8FDC-42A3-9474-1A3956D46DE8}") = "Creational", "Creational", "{46B1B98B-2D6F-4555-93B1-4FE47ACE0BEA}"
EndProject
Project("{2150E333-8FDC-42A3-9474-1A3956D46DE8}") = "Structural", "Structural", "{76CFFC86-A17D-4DCB-B49C-FD4BA19DB0BF}"
EndProject
Project("{FAE04EC0-301F-11D3-BF4B-00C04F79EFBC}") = "SingletonProject", "SingletonProject\SingletonProject.csproj", "{ADBF10D3-F412-4EB5-96C7-264FDC2206B3}"
EndProject
Project("{FAE04EC0-301F-11D3-BF4B-00C04F79EFBC}") = "AbstractFactoryProject", "AbstractFactoryProject\AbstractFactoryProject.csproj", "{E13FA5B5-CD49-4D9B-BC41-A33B83A51448}"
EndProject
Project("{FAE04EC0-301F-11D3-BF4B-00C04F79EFBC}") = "BuilderProject", "BuilderProject\BuilderProject.csproj", "{D54ADBD7-F4D2-4605-B2C6-D4E2BF30912B}"
EndProject
Project("{FAE04EC0-301F-11D3-BF4B-00C04F79EFBC}") = "FactoryMethodProject", "FactoryMethodProject\FactoryMethodProject.csproj", "{906DB2C0-D949-4860-8F4A-8C4694A64183}"
EndProject
Project("{FAE04EC0-301F-11D3-BF4B-00C04F79EFBC}") = "PrototypeProject", "PrototypeProject\PrototypeProject.csproj", "{2295FF57-8646-44D1-973F-939BD761928B}"
EndProject
Project("{FAE04EC0-301F-11D3-BF4B-00C04F79EFBC}") = "AdapterProject", "AdapterProject\AdapterProject.csproj", "{A369F2D0-259F-4656-AE7D-E9BCFAD39907}"
EndProject
Project("{FAE04EC0-301F-11D3-BF4B-00C04F79EFBC}") = "BridgeProject", "BridgeProject\BridgeProject.csproj", "{FD77CCDC-4EB8-4D46-A641-7244750340D4}"
EndProject
Project("{FAE04EC0-301F-11D3-BF4B-00C04F79EFBC}") = "CompositeProject", "CompositeProject\CompositeProject.csproj", "{AE76B11F-520E-4143-9F29-88C779F3378C}"
EndProject
Project("{FAE04EC0-301F-11D3-BF4B-00C04F79EFBC}") = "DecoratorProject", "DecoratorProject\DecoratorProject.csproj", "{7357F235-5124-402E-B02A-9E3452CD78AA}"
EndProject
Project("{FAE04EC0-301F-11D3-BF4B-00C04F79EFBC}") = "FacadeProject", "FacadeProject\FacadeProject.csproj", "{085BFF98-FBE1-4718-8C6D-36A606F705EF}"
EndProject
Project("{FAE04EC0-301F-11D3-BF4B-00C04F79EFBC}") = "FlyweightProject", "FlyweightProject\FlyweightProject.csproj", "{29FBDCBA-D950-4D45-B53E-7BA851FC9275}"
EndProject
Project("{FAE04EC0-301F-11D3-BF4B-00C04F79EFBC}") = "ProxyProject", "ProxyProject\ProxyProject.csproj", "{EDEE6AD7-9308-41A8-BD6B-49A31E925BAF}"
EndProject
Project("{FAE04EC0-301F-11D3-BF4B-00C04F79EFBC}") = "ChainOfResponsibilityProject", "ChainOfResponsibilityProject\ChainOfResponsibilityProject.csproj", "{FC30D35B-7704-40EB-841C-5DC38B88BA16}"
EndProject
Project("{FAE04EC0-301F-11D3-BF4B-00C04F79EFBC}") = "CommandProject", "CommandProject\CommandProject.csproj", "{BCE9075D-3192-4C1E-BEA1-C7AC45872838}"
EndProject
Project("{FAE04EC0-301F-11D3-BF4B-00C04F79EFBC}") = "IteratorProject", "IteratorProject\IteratorProject.csproj", "{A8007F8C-5A0D-448B-8060-D3F7DC34F7A7}"
EndProject
Project("{FAE04EC0-301F-11D3-BF4B-00C04F79EFBC}") = "MediatorProject", "MediatorProject\MediatorProject.csproj", "{36A228B5-BA1B-43E5-9703-1E4FAF880093}"
EndProject
Project("{FAE04EC0-301F-11D3-BF4B-00C04F79EFBC}") = "MementoProject", "MementoProject\MementoProject.csproj", "{F53A3F62-873B-407A-8A80-B13AE0CBE99C}"
EndProject
Project("{FAE04EC0-301F-11D3-BF4B-00C04F79EFBC}") = "ObserverProject", "ObserverProject\ObserverProject.csproj", "{AE4742F5-6CB1-47D3-BB62-A91920E410FB}"
EndProject
Project("{FAE04EC0-301F-11D3-BF4B-00C04F79EFBC}") = "StateProject", "StateProject\StateProject.csproj", "{41501FAD-3262-4AB6-9FC4-5DF592A7F715}"
EndProject
Project("{FAE04EC0-301F-11D3-BF4B-00C04F79EFBC}") = "StrategyProject", "StrategyProject\StrategyProject.csproj", "{4B780B27-A49A-45E5-97A6-C5796879B6B4}"
EndProject
Project("{FAE04EC0-301F-11D3-BF4B-00C04F79EFBC}") = "TemplateMethodProject", "TemplateMethodProject\TemplateMethodProject.csproj", "{230E43FC-186A-4248-ADA1-FDFA073696E8}"
EndProject
Project("{FAE04EC0-301F-11D3-BF4B-00C04F79EFBC}") = "VisitorProject", "VisitorProject\VisitorProject.csproj", "{2060A3FA-95F6-4188-BBB2-F509A9E026BA}"
EndProject
Project("{FAE04EC0-301F-11D3-BF4B-00C04F79EFBC}") = "PublishSubscribeProject", "PublishSubscribeProject\PublishSubscribeProject.csproj", "{2EB0F7F9-DA8F-4507-8384-4AE140A9F7EE}"
EndProject
Global
	GlobalSection(SolutionConfigurationPlatforms) = preSolution
		Debug|Any CPU = Debug|Any CPU
		Release|Any CPU = Release|Any CPU
	EndGlobalSection
	GlobalSection(ProjectConfigurationPlatforms) = postSolution
		{ADBF10D3-F412-4EB5-96C7-264FDC2206B3}.Debug|Any CPU.ActiveCfg = Debug|Any CPU
		{ADBF10D3-F412-4EB5-96C7-264FDC2206B3}.Debug|Any CPU.Build.0 = Debug|Any CPU
		{ADBF10D3-F412-4EB5-96C7-264FDC2206B3}.Release|Any CPU.ActiveCfg = Release|Any CPU
		{ADBF10D3-F412-4EB5-96C7-264FDC2206B3}.Release|Any CPU.Build.0 = Release|Any CPU
		{E13FA5B5-CD49-4D9B-BC41-A33B83A51448}.Debug|Any CPU.ActiveCfg = Debug|Any CPU
		{E13FA5B5-CD49-4D9B-BC41-A33B83A51448}.Debug|Any CPU.Build.0 = Debug|Any CPU
		{E13FA5B5-CD49-4D9B-BC41-A33B83A51448}.Release|Any CPU.ActiveCfg = Release|Any CPU
		{E13FA5B5-CD49-4D9B-BC41-A33B83A51448}.Release|Any CPU.Build.0 = Release|Any CPU
		{D54ADBD7-F4D2-4605-B2C6-D4E2BF30912B}.Debug|Any CPU.ActiveCfg = Debug|Any CPU
		{D54ADBD7-F4D2-4605-B2C6-D4E2BF30912B}.Debug|Any CPU.Build.0 = Debug|Any CPU
		{D54ADBD7-F4D2-4605-B2C6-D4E2BF30912B}.Release|Any CPU.ActiveCfg = Release|Any CPU
		{D54ADBD7-F4D2-4605-B2C6-D4E2BF30912B}.Release|Any CPU.Build.0 = Release|Any CPU
		{906DB2C0-D949-4860-8F4A-8C4694A64183}.Debug|Any CPU.ActiveCfg = Debug|Any CPU
		{906DB2C0-D949-4860-8F4A-8C4694A64183}.Debug|Any CPU.Build.0 = Debug|Any CPU
		{906DB2C0-D949-4860-8F4A-8C4694A64183}.Release|Any CPU.ActiveCfg = Release|Any CPU
		{906DB2C0-D949-4860-8F4A-8C4694A64183}.Release|Any CPU.Build.0 = Release|Any CPU
		{2295FF57-8646-44D1-973F-939BD761928B}.Debug|Any CPU.ActiveCfg = Debug|Any CPU
		{2295FF57-8646-44D1-973F-939BD761928B}.Debug|Any CPU.Build.0 = Debug|Any CPU
		{2295FF57-8646-44D1-973F-939BD761928B}.Release|Any CPU.ActiveCfg = Release|Any CPU
		{2295FF57-8646-44D1-973F-939BD761928B}.Release|Any CPU.Build.0 = Release|Any CPU
		{A369F2D0-259F-4656-AE7D-E9BCFAD39907}.Debug|Any CPU.ActiveCfg = Debug|Any CPU
		{A369F2D0-259F-4656-AE7D-E9BCFAD39907}.Debug|Any CPU.Build.0 = Debug|Any CPU
		{A369F2D0-259F-4656-AE7D-E9BCFAD39907}.Release|Any CPU.ActiveCfg = Release|Any CPU
		{A369F2D0-259F-4656-AE7D-E9BCFAD39907}.Release|Any CPU.Build.0 = Release|Any CPU
		{FD77CCDC-4EB8-4D46-A641-7244750340D4}.Debug|Any CPU.ActiveCfg = Debug|Any CPU
		{FD77CCDC-4EB8-4D46-A641-7244750340D4}.Debug|Any CPU.Build.0 = Debug|Any CPU
		{FD77CCDC-4EB8-4D46-A641-7244750340D4}.Release|Any CPU.ActiveCfg = Release|Any CPU
		{FD77CCDC-4EB8-4D46-A641-7244750340D4}.Release|Any CPU.Build.0 = Release|Any CPU
		{AE76B11F-520E-4143-9F29-88C779F3378C}.Debug|Any CPU.ActiveCfg = Debug|Any CPU
		{AE76B11F-520E-4143-9F29-88C779F3378C}.Debug|Any CPU.Build.0 = Debug|Any CPU
		{AE76B11F-520E-4143-9F29-88C779F3378C}.Release|Any CPU.ActiveCfg = Release|Any CPU
		{AE76B11F-520E-4143-9F29-88C779F3378C}.Release|Any CPU.Build.0 = Release|Any CPU
		{7357F235-5124-402E-B02A-9E3452CD78AA}.Debug|Any CPU.ActiveCfg = Debug|Any CPU
		{7357F235-5124-402E-B02A-9E3452CD78AA}.Debug|Any CPU.Build.0 = Debug|Any CPU
		{7357F235-5124-402E-B02A-9E3452CD78AA}.Release|Any CPU.ActiveCfg = Release|Any CPU
		{7357F235-5124-402E-B02A-9E3452CD78AA}.Release|Any CPU.Build.0 = Release|Any CPU
		{085BFF98-FBE1-4718-8C6D-36A606F705EF}.Debug|Any CPU.ActiveCfg = Debug|Any CPU
		{085BFF98-FBE1-4718-8C6D-36A606F705EF}.Debug|Any CPU.Build.0 = Debug|Any CPU
		{085BFF98-FBE1-4718-8C6D-36A606F705EF}.Release|Any CPU.ActiveCfg = Release|Any CPU
		{085BFF98-FBE1-4718-8C6D-36A606F705EF}.Release|Any CPU.Build.0 = Release|Any CPU
		{29FBDCBA-D950-4D45-B53E-7BA851FC9275}.Debug|Any CPU.ActiveCfg = Debug|Any CPU
		{29FBDCBA-D950-4D45-B53E-7BA851FC9275}.Debug|Any CPU.Build.0 = Debug|Any CPU
		{29FBDCBA-D950-4D45-B53E-7BA851FC9275}.Release|Any CPU.ActiveCfg = Release|Any CPU
		{29FBDCBA-D950-4D45-B53E-7BA851FC9275}.Release|Any CPU.Build.0 = Release|Any CPU
		{EDEE6AD7-9308-41A8-BD6B-49A31E925BAF}.Debug|Any CPU.ActiveCfg = Debug|Any CPU
		{EDEE6AD7-9308-41A8-BD6B-49A31E925BAF}.Debug|Any CPU.Build.0 = Debug|Any CPU
		{EDEE6AD7-9308-41A8-BD6B-49A31E925BAF}.Release|Any CPU.ActiveCfg = Release|Any CPU
		{EDEE6AD7-9308-41A8-BD6B-49A31E925BAF}.Release|Any CPU.Build.0 = Release|Any CPU
		{FC30D35B-7704-40EB-841C-5DC38B88BA16}.Debug|Any CPU.ActiveCfg = Debug|Any CPU
		{FC30D35B-7704-40EB-841C-5DC38B88BA16}.Debug|Any CPU.Build.0 = Debug|Any CPU
		{FC30D35B-7704-40EB-841C-5DC38B88BA16}.Release|Any CPU.ActiveCfg = Release|Any CPU
		{FC30D35B-7704-40EB-841C-5DC38B88BA16}.Release|Any CPU.Build.0 = Release|Any CPU
		{BCE9075D-3192-4C1E-BEA1-C7AC45872838}.Debug|Any CPU.ActiveCfg = Debug|Any CPU
		{BCE9075D-3192-4C1E-BEA1-C7AC45872838}.Debug|Any CPU.Build.0 = Debug|Any CPU
		{BCE9075D-3192-4C1E-BEA1-C7AC45872838}.Release|Any CPU.ActiveCfg = Release|Any CPU
		{BCE9075D-3192-4C1E-BEA1-C7AC45872838}.Release|Any CPU.Build.0 = Release|Any CPU
		{A8007F8C-5A0D-448B-8060-D3F7DC34F7A7}.Debug|Any CPU.ActiveCfg = Debug|Any CPU
		{A8007F8C-5A0D-448B-8060-D3F7DC34F7A7}.Debug|Any CPU.Build.0 = Debug|Any CPU
		{A8007F8C-5A0D-448B-8060-D3F7DC34F7A7}.Release|Any CPU.ActiveCfg = Release|Any CPU
		{A8007F8C-5A0D-448B-8060-D3F7DC34F7A7}.Release|Any CPU.Build.0 = Release|Any CPU
		{36A228B5-BA1B-43E5-9703-1E4FAF880093}.Debug|Any CPU.ActiveCfg = Debug|Any CPU
		{36A228B5-BA1B-43E5-9703-1E4FAF880093}.Debug|Any CPU.Build.0 = Debug|Any CPU
		{36A228B5-BA1B-43E5-9703-1E4FAF880093}.Release|Any CPU.ActiveCfg = Release|Any CPU
		{36A228B5-BA1B-43E5-9703-1E4FAF880093}.Release|Any CPU.Build.0 = Release|Any CPU
		{F53A3F62-873B-407A-8A80-B13AE0CBE99C}.Debug|Any CPU.ActiveCfg = Debug|Any CPU
		{F53A3F62-873B-407A-8A80-B13AE0CBE99C}.Debug|Any CPU.Build.0 = Debug|Any CPU
		{F53A3F62-873B-407A-8A80-B13AE0CBE99C}.Release|Any CPU.ActiveCfg = Release|Any CPU
		{F53A3F62-873B-407A-8A80-B13AE0CBE99C}.Release|Any CPU.Build.0 = Release|Any CPU
		{AE4742F5-6CB1-47D3-BB62-A91920E410FB}.Debug|Any CPU.ActiveCfg = Debug|Any CPU
		{AE4742F5-6CB1-47D3-BB62-A91920E410FB}.Debug|Any CPU.Build.0 = Debug|Any CPU
		{AE4742F5-6CB1-47D3-BB62-A91920E410FB}.Release|Any CPU.ActiveCfg = Release|Any CPU
		{AE4742F5-6CB1-47D3-BB62-A91920E410FB}.Release|Any CPU.Build.0 = Release|Any CPU
		{41501FAD-3262-4AB6-9FC4-5DF592A7F715}.Debug|Any CPU.ActiveCfg = Debug|Any CPU
		{41501FAD-3262-4AB6-9FC4-5DF592A7F715}.Debug|Any CPU.Build.0 = Debug|Any CPU
		{41501FAD-3262-4AB6-9FC4-5DF592A7F715}.Release|Any CPU.ActiveCfg = Release|Any CPU
		{41501FAD-3262-4AB6-9FC4-5DF592A7F715}.Release|Any CPU.Build.0 = Release|Any CPU
		{4B780B27-A49A-45E5-97A6-C5796879B6B4}.Debug|Any CPU.ActiveCfg = Debug|Any CPU
		{4B780B27-A49A-45E5-97A6-C5796879B6B4}.Debug|Any CPU.Build.0 = Debug|Any CPU
		{4B780B27-A49A-45E5-97A6-C5796879B6B4}.Release|Any CPU.ActiveCfg = Release|Any CPU
		{4B780B27-A49A-45E5-97A6-C5796879B6B4}.Release|Any CPU.Build.0 = Release|Any CPU
		{230E43FC-186A-4248-ADA1-FDFA073696E8}.Debug|Any CPU.ActiveCfg = Debug|Any CPU
		{230E43FC-186A-4248-ADA1-FDFA073696E8}.Debug|Any CPU.Build.0 = Debug|Any CPU
		{230E43FC-186A-4248-ADA1-FDFA073696E8}.Release|Any CPU.ActiveCfg = Release|Any CPU
		{230E43FC-186A-4248-ADA1-FDFA073696E8}.Release|Any CPU.Build.0 = Release|Any CPU
		{2060A3FA-95F6-4188-BBB2-F509A9E026BA}.Debug|Any CPU.ActiveCfg = Debug|Any CPU
		{2060A3FA-95F6-4188-BBB2-F509A9E026BA}.Debug|Any CPU.Build.0 = Debug|Any CPU
		{2060A3FA-95F6-4188-BBB2-F509A9E026BA}.Release|Any CPU.ActiveCfg = Release|Any CPU
		{2060A3FA-95F6-4188-BBB2-F509A9E026BA}.Release|Any CPU.Build.0 = Release|Any CPU
		{2EB0F7F9-DA8F-4507-8384-4AE140A9F7EE}.Debug|Any CPU.ActiveCfg = Debug|Any CPU
		{2EB0F7F9-DA8F-4507-8384-4AE140A9F7EE}.Debug|Any CPU.Build.0 = Debug|Any CPU
		{2EB0F7F9-DA8F-4507-8384-4AE140A9F7EE}.Release|Any CPU.ActiveCfg = Release|Any CPU
		{2EB0F7F9-DA8F-4507-8384-4AE140A9F7EE}.Release|Any CPU.Build.0 = Release|Any CPU
	EndGlobalSection
	GlobalSection(SolutionProperties) = preSolution
		HideSolutionNode = FALSE
	EndGlobalSection
	GlobalSection(NestedProjects) = preSolution
		{ADBF10D3-F412-4EB5-96C7-264FDC2206B3} = {46B1B98B-2D6F-4555-93B1-4FE47ACE0BEA}
		{E13FA5B5-CD49-4D9B-BC41-A33B83A51448} = {46B1B98B-2D6F-4555-93B1-4FE47ACE0BEA}
		{D54ADBD7-F4D2-4605-B2C6-D4E2BF30912B} = {46B1B98B-2D6F-4555-93B1-4FE47ACE0BEA}
		{906DB2C0-D949-4860-8F4A-8C4694A64183} = {46B1B98B-2D6F-4555-93B1-4FE47ACE0BEA}
		{2295FF57-8646-44D1-973F-939BD761928B} = {46B1B98B-2D6F-4555-93B1-4FE47ACE0BEA}
		{A369F2D0-259F-4656-AE7D-E9BCFAD39907} = {76CFFC86-A17D-4DCB-B49C-FD4BA19DB0BF}
		{FD77CCDC-4EB8-4D46-A641-7244750340D4} = {76CFFC86-A17D-4DCB-B49C-FD4BA19DB0BF}
		{AE76B11F-520E-4143-9F29-88C779F3378C} = {76CFFC86-A17D-4DCB-B49C-FD4BA19DB0BF}
		{7357F235-5124-402E-B02A-9E3452CD78AA} = {76CFFC86-A17D-4DCB-B49C-FD4BA19DB0BF}
		{085BFF98-FBE1-4718-8C6D-36A606F705EF} = {76CFFC86-A17D-4DCB-B49C-FD4BA19DB0BF}
		{29FBDCBA-D950-4D45-B53E-7BA851FC9275} = {76CFFC86-A17D-4DCB-B49C-FD4BA19DB0BF}
		{EDEE6AD7-9308-41A8-BD6B-49A31E925BAF} = {76CFFC86-A17D-4DCB-B49C-FD4BA19DB0BF}
		{FC30D35B-7704-40EB-841C-5DC38B88BA16} = {B2C23A0B-C8AC-4919-9299-3E555DBE6857}
		{BCE9075D-3192-4C1E-BEA1-C7AC45872838} = {B2C23A0B-C8AC-4919-9299-3E555DBE6857}
		{A8007F8C-5A0D-448B-8060-D3F7DC34F7A7} = {B2C23A0B-C8AC-4919-9299-3E555DBE6857}
		{36A228B5-BA1B-43E5-9703-1E4FAF880093} = {B2C23A0B-C8AC-4919-9299-3E555DBE6857}
		{F53A3F62-873B-407A-8A80-B13AE0CBE99C} = {B2C23A0B-C8AC-4919-9299-3E555DBE6857}
		{AE4742F5-6CB1-47D3-BB62-A91920E410FB} = {B2C23A0B-C8AC-4919-9299-3E555DBE6857}
		{41501FAD-3262-4AB6-9FC4-5DF592A7F715} = {B2C23A0B-C8AC-4919-9299-3E555DBE6857}
		{4B780B27-A49A-45E5-97A6-C5796879B6B4} = {B2C23A0B-C8AC-4919-9299-3E555DBE6857}
		{230E43FC-186A-4248-ADA1-FDFA073696E8} = {B2C23A0B-C8AC-4919-9299-3E555DBE6857}
		{2060A3FA-95F6-4188-BBB2-F509A9E026BA} = {B2C23A0B-C8AC-4919-9299-3E555DBE6857}
		{2EB0F7F9-DA8F-4507-8384-4AE140A9F7EE} = {B2C23A0B-C8AC-4919-9299-3E555DBE6857}
	EndGlobalSection
EndGlobal
